
Microsoft Visual Studio Solution File, Format Version 12.00
# Visual Studio Version 17
VisualStudioVersion = 17.8.34330.188
MinimumVisualStudioVersion = 10.0.40219.1
Project("{FAE04EC0-301F-11D3-BF4B-00C04F79EFBC}") = "HRCINVENTORYUPDATED", "HRCINVENTORYUPDATED\HRCINVENTORYUPDATED.csproj", "{B91DA96C-6648-4564-A93A-91A0BBDD223C}"
EndProject
Global
	GlobalSection(SolutionConfigurationPlatforms) = preSolution
		Debug|Any CPU = Debug|Any CPU
		Release|Any CPU = Release|Any CPU
	EndGlobalSection
	GlobalSection(ProjectConfigurationPlatforms) = postSolution
		{B91DA96C-6648-4564-A93A-91A0BBDD223C}.Debug|Any CPU.ActiveCfg = Debug|Any CPU
		{B91DA96C-6648-4564-A93A-91A0BBDD223C}.Debug|Any CPU.Build.0 = Debug|Any CPU
		{B91DA96C-6648-4564-A93A-91A0BBDD223C}.Release|Any CPU.ActiveCfg = Release|Any CPU
		{B91DA96C-6648-4564-A93A-91A0BBDD223C}.Release|Any CPU.Build.0 = Release|Any CPU
	EndGlobalSection
	GlobalSection(SolutionProperties) = preSolution
		HideSolutionNode = FALSE
	EndGlobalSection
	GlobalSection(ExtensibilityGlobals) = postSolution
		SolutionGuid = {DA000176-3C17-4E1C-B72C-C2603D9EA821}
	EndGlobalSection
EndGlobal
